
Microsoft Visual Studio Solution File, Format Version 12.00
# Visual Studio Version 17
VisualStudioVersion = 17.0.31903.59
MinimumVisualStudioVersion = 10.0.40219.1
Project("{FAE04EC0-301F-11D3-BF4B-00C04F79EFBC}") = "BabylonCS", "BabylonCS\BabylonCS.csproj", "{0F590B71-4B15-47EB-9CEE-6A04360E18B6}"
EndProject
Project("{FAE04EC0-301F-11D3-BF4B-00C04F79EFBC}") = "Playground", "Playground\Playground.csproj", "{920B2DAA-C126-4EA1-9555-DECC27457285}"
EndProject
Global
	GlobalSection(SolutionConfigurationPlatforms) = preSolution
		Debug|Any CPU = Debug|Any CPU
		Release|Any CPU = Release|Any CPU
	EndGlobalSection
	GlobalSection(SolutionProperties) = preSolution
		HideSolutionNode = FALSE
	EndGlobalSection
	GlobalSection(ProjectConfigurationPlatforms) = postSolution
		{0F590B71-4B15-47EB-9CEE-6A04360E18B6}.Debug|Any CPU.ActiveCfg = Debug|Any CPU
		{0F590B71-4B15-47EB-9CEE-6A04360E18B6}.Debug|Any CPU.Build.0 = Debug|Any CPU
		{0F590B71-4B15-47EB-9CEE-6A04360E18B6}.Release|Any CPU.ActiveCfg = Release|Any CPU
		{0F590B71-4B15-47EB-9CEE-6A04360E18B6}.Release|Any CPU.Build.0 = Release|Any CPU
		{920B2DAA-C126-4EA1-9555-DECC27457285}.Debug|Any CPU.ActiveCfg = Debug|Any CPU
		{920B2DAA-C126-4EA1-9555-DECC27457285}.Debug|Any CPU.Build.0 = Debug|Any CPU
		{920B2DAA-C126-4EA1-9555-DECC27457285}.Release|Any CPU.ActiveCfg = Release|Any CPU
		{920B2DAA-C126-4EA1-9555-DECC27457285}.Release|Any CPU.Build.0 = Release|Any CPU
	EndGlobalSection
EndGlobal
